
Microsoft Visual Studio Solution File, Format Version 10.00
# Visual C++ Express 2008
Project("{8BC9CEB8-8B4A-11D0-8D11-00A0C91BC942}") = "LIBUPSE", "VS2008\VS2008.vcproj", "{BAA98828-2BDA-4717-8F4D-AB5E14C0CF96}"
EndProject
Global
	GlobalSection(SolutionConfigurationPlatforms) = preSolution
		Debug|Win32 = Debug|Win32
		Release|Win32 = Release|Win32
	EndGlobalSection
	GlobalSection(ProjectConfigurationPlatforms) = postSolution
		{BAA98828-2BDA-4717-8F4D-AB5E14C0CF96}.Debug|Win32.ActiveCfg = Release|Win32
		{BAA98828-2BDA-4717-8F4D-AB5E14C0CF96}.Debug|Win32.Build.0 = Release|Win32
		{BAA98828-2BDA-4717-8F4D-AB5E14C0CF96}.Release|Win32.ActiveCfg = Release|Win32
		{BAA98828-2BDA-4717-8F4D-AB5E14C0CF96}.Release|Win32.Build.0 = Release|Win32
	EndGlobalSection
	GlobalSection(SolutionProperties) = preSolution
		HideSolutionNode = FALSE
	EndGlobalSection
EndGlobal
